# generated by rye
# use `rye lock` or `rye sync` to update this lockfile
#
# last locked with the following flags:
#   pre: false
#   features: []
#   all-features: false
#   with-sources: false

-e file:.
certifi==2024.2.2
    # via requests
charset-normalizer==3.3.2
    # via requests
idna==3.6
    # via requests
iniconfig==2.0.0
    # via pytest
numpy==1.26.4
    # via pandas
    # via python-monograph
packaging==23.2
    # via pytest
pandas==2.2.1
    # via python-monograph
pluggy==1.4.0
    # via pytest
py-cpuinfo==9.0.0
    # via pytest-benchmark
pytest==8.0.2
    # via pytest-benchmark
pytest-benchmark==4.0.0
python-dateutil==2.8.2
    # via pandas
pytz==2024.1
    # via pandas
requests==2.31.0
    # via python-monograph
six==1.16.0
    # via python-dateutil
tzdata==2024.1
    # via pandas
urllib3==2.2.1
    # via requests
